
Microsoft Visual Studio Solution File, Format Version 12.00
# Visual Studio Version 17
VisualStudioVersion = 17.9.34723.18
MinimumVisualStudioVersion = 10.0.40219.1
Project("{8BC9CEB8-8B4A-11D0-8D11-00A0C91BC942}") = "MDSVS", "MDSVS.vcxproj", "{36308E1D-136A-4386-B6FA-83684C41879B}"
EndProject
Global
	GlobalSection(SolutionConfigurationPlatforms) = preSolution
		Debug|x64 = Debug|x64
		Debug|x86 = Debug|x86
		Release|x64 = Release|x64
		Release|x86 = Release|x86
	EndGlobalSection
	GlobalSection(ProjectConfigurationPlatforms) = postSolution
		{36308E1D-136A-4386-B6FA-83684C41879B}.Debug|x64.ActiveCfg = Debug|x64
		{36308E1D-136A-4386-B6FA-83684C41879B}.Debug|x64.Build.0 = Debug|x64
		{36308E1D-136A-4386-B6FA-83684C41879B}.Debug|x86.ActiveCfg = Debug|Win32
		{36308E1D-136A-4386-B6FA-83684C41879B}.Debug|x86.Build.0 = Debug|Win32
		{36308E1D-136A-4386-B6FA-83684C41879B}.Release|x64.ActiveCfg = Release|x64
		{36308E1D-136A-4386-B6FA-83684C41879B}.Release|x64.Build.0 = Release|x64
		{36308E1D-136A-4386-B6FA-83684C41879B}.Release|x86.ActiveCfg = Release|Win32
		{36308E1D-136A-4386-B6FA-83684C41879B}.Release|x86.Build.0 = Release|Win32
	EndGlobalSection
	GlobalSection(SolutionProperties) = preSolution
		HideSolutionNode = FALSE
	EndGlobalSection
	GlobalSection(ExtensibilityGlobals) = postSolution
		SolutionGuid = {06E33101-6AEB-4DEA-A3DD-A6F727307D7F}
	EndGlobalSection
EndGlobal
